// !$*UTF8*$!
{
	archiveVersion = 1;
	classes = {
	};
	objectVersion = 46;
	objects = {

/* Begin PBXBuildFile section */
		D801C9631EB856B10073FC03 /* Makefile in Sources */ = {isa = PBXBuildFile; fileRef = D801C95F1EB856B10073FC03 /* Makefile */; };
		D801C9641EB856B10073FC03 /* README.md in Sources */ = {isa = PBXBuildFile; fileRef = D801C9601EB856B10073FC03 /* README.md */; };
/* End PBXBuildFile section */

/* Begin PBXCopyFilesBuildPhase section */
		D801C9501EB855E40073FC03 /* CopyFiles */ = {
			isa = PBXCopyFilesBuildPhase;
			buildActionMask = 2147483647;
			dstPath = /usr/share/man/man1/;
			dstSubfolderSpec = 0;
			files = (
			);
			runOnlyForDeploymentPostprocessing = 1;
		};
/* End PBXCopyFilesBuildPhase section */

/* Begin PBXFileReference section */
		D801C9521EB855E40073FC03 /* Animo_Darknet */ = {isa = PBXFileReference; explicitFileType = "compiled.mach-o.executable"; includeInIndex = 0; path = Animo_Darknet; sourceTree = BUILT_PRODUCTS_DIR; };
		D801C95C1EB856B10073FC03 /* cfg */ = {isa = PBXFileReference; lastKnownFileType = folder; path = cfg; sourceTree = "<group>"; };
		D801C95D1EB856B10073FC03 /* data */ = {isa = PBXFileReference; lastKnownFileType = folder; path = data; sourceTree = "<group>"; };
		D801C95E1EB856B10073FC03 /* LICENSE */ = {isa = PBXFileReference; fileEncoding = 4; lastKnownFileType = text; path = LICENSE; sourceTree = "<group>"; };
		D801C95F1EB856B10073FC03 /* Makefile */ = {isa = PBXFileReference; fileEncoding = 4; lastKnownFileType = sourcecode.make; path = Makefile; sourceTree = "<group>"; };
		D801C9601EB856B10073FC03 /* README.md */ = {isa = PBXFileReference; fileEncoding = 4; lastKnownFileType = net.daringfireball.markdown; path = README.md; sourceTree = "<group>"; };
		D801C9611EB856B10073FC03 /* scripts */ = {isa = PBXFileReference; lastKnownFileType = folder; path = scripts; sourceTree = "<group>"; };
		D801C9621EB856B10073FC03 /* src */ = {isa = PBXFileReference; lastKnownFileType = folder; path = src; sourceTree = "<group>"; };
/* End PBXFileReference section */

/* Begin PBXFrameworksBuildPhase section */
		D801C94F1EB855E40073FC03 /* Frameworks */ = {
			isa = PBXFrameworksBuildPhase;
			buildActionMask = 2147483647;
			files = (
			);
			runOnlyForDeploymentPostprocessing = 0;
		};
/* End PBXFrameworksBuildPhase section */

/* Begin PBXGroup section */
		D801C9491EB855E40073FC03 = {
			isa = PBXGroup;
			children = (
				D801C9541EB855E40073FC03 /* Animo_Darknet */,
				D801C9531EB855E40073FC03 /* Products */,
			);
			sourceTree = "<group>";
		};
		D801C9531EB855E40073FC03 /* Products */ = {
			isa = PBXGroup;
			children = (
				D801C9521EB855E40073FC03 /* Animo_Darknet */,
			);
			name = Products;
			sourceTree = "<group>";
		};
		D801C9541EB855E40073FC03 /* Animo_Darknet */ = {
			isa = PBXGroup;
			children = (
				D801C95C1EB856B10073FC03 /* cfg */,
				D801C95D1EB856B10073FC03 /* data */,
				D801C95E1EB856B10073FC03 /* LICENSE */,
				D801C95F1EB856B10073FC03 /* Makefile */,
				D801C9601EB856B10073FC03 /* README.md */,
				D801C9611EB856B10073FC03 /* scripts */,
				D801C9621EB856B10073FC03 /* src */,
			);
			path = Animo_Darknet;
			sourceTree = "<group>";
		};
/* End PBXGroup section */

/* Begin PBXNativeTarget section */
		D801C9511EB855E40073FC03 /* Animo_Darknet */ = {
			isa = PBXNativeTarget;
			buildConfigurationList = D801C9591EB855E40073FC03 /* Build configuration list for PBXNativeTarget "Animo_Darknet" */;
			buildPhases = (
				D801C94E1EB855E40073FC03 /* Sources */,
				D801C94F1EB855E40073FC03 /* Frameworks */,
				D801C9501EB855E40073FC03 /* CopyFiles */,
			);
			buildRules = (
			);
			dependencies = (
			);
			name = Animo_Darknet;
			productName = Animo_Darknet;
			productReference = D801C9521EB855E40073FC03 /* Animo_Darknet */;
			productType = "com.apple.product-type.tool";
		};
/* End PBXNativeTarget section */

/* Begin PBXProject section */
		D801C94A1EB855E40073FC03 /* Project object */ = {
			isa = PBXProject;
			attributes = {
				LastUpgradeCheck = 0830;
				ORGANIZATIONNAME = "고윤미";
				TargetAttributes = {
					D801C9511EB855E40073FC03 = {
						CreatedOnToolsVersion = 8.3.2;
						ProvisioningStyle = Automatic;
					};
				};
			};
			buildConfigurationList = D801C94D1EB855E40073FC03 /* Build configuration list for PBXProject "Animo_Darknet" */;
			compatibilityVersion = "Xcode 3.2";
			developmentRegion = English;
			hasScannedForEncodings = 0;
			knownRegions = (
				en,
			);
			mainGroup = D801C9491EB855E40073FC03;
			productRefGroup = D801C9531EB855E40073FC03 /* Products */;
			projectDirPath = "";
			projectRoot = "";
			targets = (
				D801C9511EB855E40073FC03 /* Animo_Darknet */,
			);
		};
/* End PBXProject section */

/* Begin PBXSourcesBuildPhase section */
		D801C94E1EB855E40073FC03 /* Sources */ = {
			isa = PBXSourcesBuildPhase;
			buildActionMask = 2147483647;
			files = (
				D801C9641EB856B10073FC03 /* README.md in Sources */,
				D801C9631EB856B10073FC03 /* Makefile in Sources */,
			);
			runOnlyForDeploymentPostprocessing = 0;
		};
/* End PBXSourcesBuildPhase section */

/* Begin XCBuildConfiguration section */
		D801C9571EB855E40073FC03 /* Debug */ = {
			isa = XCBuildConfiguration;
			buildSettings = {
				ALWAYS_SEARCH_USER_PATHS = NO;
				CLANG_ANALYZER_NONNULL = YES;
				CLANG_ANALYZER_NUMBER_OBJECT_CONVERSION = YES_AGGRESSIVE;
				CLANG_CXX_LANGUAGE_STANDARD = "gnu++0x";
				CLANG_CXX_LIBRARY = "libc++";
				CLANG_ENABLE_MODULES = YES;
				CLANG_ENABLE_OBJC_ARC = YES;
				CLANG_WARN_BOOL_CONVERSION = YES;
				CLANG_WARN_CONSTANT_CONVERSION = YES;
				CLANG_WARN_DIRECT_OBJC_ISA_USAGE = YES_ERROR;
				CLANG_WARN_DOCUMENTATION_COMMENTS = YES;
				CLANG_WARN_EMPTY_BODY = YES;
				CLANG_WARN_ENUM_CONVERSION = YES;
				CLANG_WARN_INFINITE_RECURSION = YES;
				CLANG_WARN_INT_CONVERSION = YES;
				CLANG_WARN_OBJC_ROOT_CLASS = YES_ERROR;
				CLANG_WARN_SUSPICIOUS_MOVE = YES;
				CLANG_WARN_UNREACHABLE_CODE = YES;
				CLANG_WARN__DUPLICATE_METHOD_MATCH = YES;
				CODE_SIGN_IDENTITY = "-";
				COPY_PHASE_STRIP = NO;
				DEBUG_INFORMATION_FORMAT = dwarf;
				ENABLE_STRICT_OBJC_MSGSEND = YES;
				ENABLE_TESTABILITY = YES;
				GCC_C_LANGUAGE_STANDARD = gnu99;
				GCC_DYNAMIC_NO_PIC = NO;
				GCC_NO_COMMON_BLOCKS = YES;
				GCC_OPTIMIZATION_LEVEL = 0;
				GCC_PREPROCESSOR_DEFINITIONS = (
					"DEBUG=1",
					"$(inherited)",
				);
				GCC_WARN_64_TO_32_BIT_CONVERSION = YES;
				GCC_WARN_ABOUT_RETURN_TYPE = YES_ERROR;
				GCC_WARN_UNDECLARED_SELECTOR = YES;
				GCC_WARN_UNINITIALIZED_AUTOS = YES_AGGRESSIVE;
				GCC_WARN_UNUSED_FUNCTION = YES;
				GCC_WARN_UNUSED_VARIABLE = YES;
				MACOSX_DEPLOYMENT_TARGET = 10.12;
				MTL_ENABLE_DEBUG_INFO = YES;
				ONLY_ACTIVE_ARCH = YES;
				SDKROOT = macosx;
			};
			name = Debug;
		};
		D801C9581EB855E40073FC03 /* Release */ = {
			isa = XCBuildConfiguration;
			buildSettings = {
				ALWAYS_SEARCH_USER_PATHS = NO;
				CLANG_ANALYZER_NONNULL = YES;
				CLANG_ANALYZER_NUMBER_OBJECT_CONVERSION = YES_AGGRESSIVE;
				CLANG_CXX_LANGUAGE_STANDARD = "gnu++0x";
				CLANG_CXX_LIBRARY = "libc++";
				CLANG_ENABLE_MODULES = YES;
				CLANG_ENABLE_OBJC_ARC = YES;
				CLANG_WARN_BOOL_CONVERSION = YES;
				CLANG_WARN_CONSTANT_CONVERSION = YES;
				CLANG_WARN_DIRECT_OBJC_ISA_USAGE = YES_ERROR;
				CLANG_WARN_DOCUMENTATION_COMMENTS = YES;
				CLANG_WARN_EMPTY_BODY = YES;
				CLANG_WARN_ENUM_CONVERSION = YES;
				CLANG_WARN_INFINITE_RECURSION = YES;
				CLANG_WARN_INT_CONVERSION = YES;
				CLANG_WARN_OBJC_ROOT_CLASS = YES_ERROR;
				CLANG_WARN_SUSPICIOUS_MOVE = YES;
				CLANG_WARN_UNREACHABLE_CODE = YES;
				CLANG_WARN__DUPLICATE_METHOD_MATCH = YES;
				CODE_SIGN_IDENTITY = "-";
				COPY_PHASE_STRIP = NO;
				DEBUG_INFORMATION_FORMAT = "dwarf-with-dsym";
				ENABLE_NS_ASSERTIONS = NO;
				ENABLE_STRICT_OBJC_MSGSEND = YES;
				GCC_C_LANGUAGE_STANDARD = gnu99;
				GCC_NO_COMMON_BLOCKS = YES;
				GCC_WARN_64_TO_32_BIT_CONVERSION = YES;
				GCC_WARN_ABOUT_RETURN_TYPE = YES_ERROR;
				GCC_WARN_UNDECLARED_SELECTOR = YES;
				GCC_WARN_UNINITIALIZED_AUTOS = YES_AGGRESSIVE;
				GCC_WARN_UNUSED_FUNCTION = YES;
				GCC_WARN_UNUSED_VARIABLE = YES;
				MACOSX_DEPLOYMENT_TARGET = 10.12;
				MTL_ENABLE_DEBUG_INFO = NO;
				SDKROOT = macosx;
			};
			name = Release;
		};
		D801C95A1EB855E40073FC03 /* Debug */ = {
			isa = XCBuildConfiguration;
			buildSettings = {
				PRODUCT_NAME = "$(TARGET_NAME)";
			};
			name = Debug;
		};
		D801C95B1EB855E40073FC03 /* Release */ = {
			isa = XCBuildConfiguration;
			buildSettings = {
				PRODUCT_NAME = "$(TARGET_NAME)";
			};
			name = Release;
		};
/* End XCBuildConfiguration section */

/* Begin XCConfigurationList section */
		D801C94D1EB855E40073FC03 /* Build configuration list for PBXProject "Animo_Darknet" */ = {
			isa = XCConfigurationList;
			buildConfigurations = (
				D801C9571EB855E40073FC03 /* Debug */,
				D801C9581EB855E40073FC03 /* Release */,
			);
			defaultConfigurationIsVisible = 0;
			defaultConfigurationName = Release;
		};
		D801C9591EB855E40073FC03 /* Build configuration list for PBXNativeTarget "Animo_Darknet" */ = {
			isa = XCConfigurationList;
			buildConfigurations = (
				D801C95A1EB855E40073FC03 /* Debug */,
				D801C95B1EB855E40073FC03 /* Release */,
			);
			defaultConfigurationIsVisible = 0;
		};
/* End XCConfigurationList section */
	};
	rootObject = D801C94A1EB855E40073FC03 /* Project object */;
}
